
Microsoft Visual Studio Solution File, Format Version 12.00
# Visual Studio 15
VisualStudioVersion = 15.0.28307.329
MinimumVisualStudioVersion = 10.0.40219.1
Project("{FAE04EC0-301F-11D3-BF4B-00C04F79EFBC}") = "libNLP", "libNLP\libNLP.csproj", "{96450A9D-CBAF-4820-8BE5-D93F1AC6573F}"
EndProject
Project("{FAE04EC0-301F-11D3-BF4B-00C04F79EFBC}") = "AdaptiveTermExtract", "DynamicTermExtract\AdaptiveTermExtract.csproj", "{BA39432B-D1BD-492E-97A4-5446DB65C390}"
EndProject
Project("{FAE04EC0-301F-11D3-BF4B-00C04F79EFBC}") = "PosTagging", "PosTagging\PosTagging.csproj", "{05C4BDAE-85BE-43CB-A7D9-40EB9AE0D059}"
EndProject
Project("{FAE04EC0-301F-11D3-BF4B-00C04F79EFBC}") = "WordSegment", "WordSegment\WordSegment.csproj", "{9E68D942-8600-4591-9299-6145ECEE0D05}"
EndProject
Project("{FAE04EC0-301F-11D3-BF4B-00C04F79EFBC}") = "StaticTermExtract", "StaticTermExtract\StaticTermExtract.csproj", "{3B23665F-40F3-4066-8FFC-A2318956BBEC}"
EndProject
Global
	GlobalSection(SolutionConfigurationPlatforms) = preSolution
		Debug|Any CPU = Debug|Any CPU
		Release|Any CPU = Release|Any CPU
	EndGlobalSection
	GlobalSection(ProjectConfigurationPlatforms) = postSolution
		{96450A9D-CBAF-4820-8BE5-D93F1AC6573F}.Debug|Any CPU.ActiveCfg = Debug|Any CPU
		{96450A9D-CBAF-4820-8BE5-D93F1AC6573F}.Debug|Any CPU.Build.0 = Debug|Any CPU
		{96450A9D-CBAF-4820-8BE5-D93F1AC6573F}.Release|Any CPU.ActiveCfg = Release|Any CPU
		{96450A9D-CBAF-4820-8BE5-D93F1AC6573F}.Release|Any CPU.Build.0 = Release|Any CPU
		{BA39432B-D1BD-492E-97A4-5446DB65C390}.Debug|Any CPU.ActiveCfg = Debug|Any CPU
		{BA39432B-D1BD-492E-97A4-5446DB65C390}.Debug|Any CPU.Build.0 = Debug|Any CPU
		{BA39432B-D1BD-492E-97A4-5446DB65C390}.Release|Any CPU.ActiveCfg = Release|Any CPU
		{BA39432B-D1BD-492E-97A4-5446DB65C390}.Release|Any CPU.Build.0 = Release|Any CPU
		{05C4BDAE-85BE-43CB-A7D9-40EB9AE0D059}.Debug|Any CPU.ActiveCfg = Debug|Any CPU
		{05C4BDAE-85BE-43CB-A7D9-40EB9AE0D059}.Debug|Any CPU.Build.0 = Debug|Any CPU
		{05C4BDAE-85BE-43CB-A7D9-40EB9AE0D059}.Release|Any CPU.ActiveCfg = Release|Any CPU
		{05C4BDAE-85BE-43CB-A7D9-40EB9AE0D059}.Release|Any CPU.Build.0 = Release|Any CPU
		{9E68D942-8600-4591-9299-6145ECEE0D05}.Debug|Any CPU.ActiveCfg = Debug|Any CPU
		{9E68D942-8600-4591-9299-6145ECEE0D05}.Debug|Any CPU.Build.0 = Debug|Any CPU
		{9E68D942-8600-4591-9299-6145ECEE0D05}.Release|Any CPU.ActiveCfg = Release|Any CPU
		{9E68D942-8600-4591-9299-6145ECEE0D05}.Release|Any CPU.Build.0 = Release|Any CPU
		{3B23665F-40F3-4066-8FFC-A2318956BBEC}.Debug|Any CPU.ActiveCfg = Debug|Any CPU
		{3B23665F-40F3-4066-8FFC-A2318956BBEC}.Debug|Any CPU.Build.0 = Debug|Any CPU
		{3B23665F-40F3-4066-8FFC-A2318956BBEC}.Release|Any CPU.ActiveCfg = Release|Any CPU
		{3B23665F-40F3-4066-8FFC-A2318956BBEC}.Release|Any CPU.Build.0 = Release|Any CPU
	EndGlobalSection
	GlobalSection(SolutionProperties) = preSolution
		HideSolutionNode = FALSE
	EndGlobalSection
	GlobalSection(ExtensibilityGlobals) = postSolution
		SolutionGuid = {F74DD9AB-FFF5-4712-BA8F-8F45DE4371CD}
	EndGlobalSection
EndGlobal
