<?xml version="1.0" encoding="utf-8"?>
<Project ToolsVersion="4.0" xmlns="http://schemas.microsoft.com/developer/msbuild/2003">
  <ItemGroup>
    <Filter Include="sample">
      <UniqueIdentifier>{c5f72418-a38d-4e65-8fa0-760054e92968}</UniqueIdentifier>
    </Filter>
    <Filter Include="src">
      <UniqueIdentifier>{9ff9bdbd-7cfc-4e27-bb0a-3055981369d6}</UniqueIdentifier>
    </Filter>
    <Filter Include="arch">
      <UniqueIdentifier>{7592599f-7c65-4473-b8f6-8f91240f8ce8}</UniqueIdentifier>
    </Filter>
    <Filter Include="arch\win32">
      <UniqueIdentifier>{169310d2-23ed-4553-93f3-7a175b0a06d7}</UniqueIdentifier>
    </Filter>
  </ItemGroup>
  <ItemGroup>
    <ClCompile Include="..\..\..\sample\main.c">
      <Filter>sample</Filter>
    </ClCompile>
    <ClCompile Include="..\..\..\src\kernel.c">
      <Filter>src</Filter>
    </ClCompile>
    <ClCompile Include="..\..\..\src\message.c">
      <Filter>src</Filter>
    </ClCompile>
    <ClCompile Include="..\..\..\src\semapho.c">
      <Filter>src</Filter>
    </ClCompile>
    <ClCompile Include="..\..\..\src\syscall.c">
      <Filter>src</Filter>
    </ClCompile>
    <ClCompile Include="..\..\..\arch\win32\hw.c">
      <Filter>arch\win32</Filter>
    </ClCompile>
    <ClCompile Include="..\..\..\arch\win32\startup.c">
      <Filter>arch\win32</Filter>
    </ClCompile>
    <ClCompile Include="..\..\..\arch\win32\vd_kerneltimer.c">
      <Filter>arch\win32</Filter>
    </ClCompile>
    <ClCompile Include="..\..\..\arch\win32\virtualhw.c">
      <Filter>arch\win32</Filter>
    </ClCompile>
    <ClCompile Include="..\..\..\arch\win32\vd_button.c">
      <Filter>arch\win32</Filter>
    </ClCompile>
  </ItemGroup>
  <ItemGroup>
    <ClInclude Include="..\..\..\src\arch.h">
      <Filter>src</Filter>
    </ClInclude>
    <ClInclude Include="..\..\..\src\config.h">
      <Filter>src</Filter>
    </ClInclude>
    <ClInclude Include="..\..\..\src\kernel.h">
      <Filter>src</Filter>
    </ClInclude>
    <ClInclude Include="..\..\..\src\message.h">
      <Filter>src</Filter>
    </ClInclude>
    <ClInclude Include="..\..\..\src\semapho.h">
      <Filter>src</Filter>
    </ClInclude>
    <ClInclude Include="..\..\..\src\syscall.h">
      <Filter>src</Filter>
    </ClInclude>
    <ClInclude Include="..\..\..\src\type.h">
      <Filter>src</Filter>
    </ClInclude>
    <ClInclude Include="..\..\..\arch\win32\arch.h">
      <Filter>arch\win32</Filter>
    </ClInclude>
    <ClInclude Include="..\..\..\arch\win32\virtualhw.h">
      <Filter>arch\win32</Filter>
    </ClInclude>
    <ClInclude Include="..\..\..\arch\win32\context.h">
      <Filter>arch\win32</Filter>
    </ClInclude>
    <ClInclude Include="..\..\..\arch\win32\hw.h">
      <Filter>arch\win32</Filter>
    </ClInclude>
    <ClInclude Include="..\..\..\arch\win32\vd_kerneltimer.h">
      <Filter>arch\win32</Filter>
    </ClInclude>
    <ClInclude Include="..\..\..\arch\win32\vd_button.h">
      <Filter>arch\win32</Filter>
    </ClInclude>
  </ItemGroup>
</Project>