
Microsoft Visual Studio Solution File, Format Version 12.00
# Visual Studio 15
VisualStudioVersion = 15.0.28307.168
MinimumVisualStudioVersion = 10.0.40219.1
Project("{FAE04EC0-301F-11D3-BF4B-00C04F79EFBC}") = "cc1", "cc1\cc1.csproj", "{0F2D0703-84AF-4974-BE86-D634146CC5A3}"
EndProject
Project("{FAE04EC0-301F-11D3-BF4B-00C04F79EFBC}") = "cpp", "cpp\cpp.csproj", "{99B73684-29CA-4E57-A13C-8D0AF08A9849}"
EndProject
Project("{FAE04EC0-301F-11D3-BF4B-00C04F79EFBC}") = "LibReadJEnc", "LibReadJEnc\LibReadJEnc.csproj", "{6E48FA1F-7BF5-43FD-95E7-AC9B19812D68}"
EndProject
Project("{FAE04EC0-301F-11D3-BF4B-00C04F79EFBC}") = "LibXmlSpreadsheet", "LibXmlSpreadsheet\LibXmlSpreadsheet.csproj", "{CA6D0F14-26B6-4A4B-8ADA-D253A22330C7}"
EndProject
Global
	GlobalSection(SolutionConfigurationPlatforms) = preSolution
		Debug|Any CPU = Debug|Any CPU
		Release|Any CPU = Release|Any CPU
	EndGlobalSection
	GlobalSection(ProjectConfigurationPlatforms) = postSolution
		{0F2D0703-84AF-4974-BE86-D634146CC5A3}.Debug|Any CPU.ActiveCfg = Debug|Any CPU
		{0F2D0703-84AF-4974-BE86-D634146CC5A3}.Debug|Any CPU.Build.0 = Debug|Any CPU
		{0F2D0703-84AF-4974-BE86-D634146CC5A3}.Release|Any CPU.ActiveCfg = Release|Any CPU
		{0F2D0703-84AF-4974-BE86-D634146CC5A3}.Release|Any CPU.Build.0 = Release|Any CPU
		{99B73684-29CA-4E57-A13C-8D0AF08A9849}.Debug|Any CPU.ActiveCfg = Debug|Any CPU
		{99B73684-29CA-4E57-A13C-8D0AF08A9849}.Debug|Any CPU.Build.0 = Debug|Any CPU
		{99B73684-29CA-4E57-A13C-8D0AF08A9849}.Release|Any CPU.ActiveCfg = Release|Any CPU
		{99B73684-29CA-4E57-A13C-8D0AF08A9849}.Release|Any CPU.Build.0 = Release|Any CPU
		{6E48FA1F-7BF5-43FD-95E7-AC9B19812D68}.Debug|Any CPU.ActiveCfg = Debug|Any CPU
		{6E48FA1F-7BF5-43FD-95E7-AC9B19812D68}.Debug|Any CPU.Build.0 = Debug|Any CPU
		{6E48FA1F-7BF5-43FD-95E7-AC9B19812D68}.Release|Any CPU.ActiveCfg = Release|Any CPU
		{6E48FA1F-7BF5-43FD-95E7-AC9B19812D68}.Release|Any CPU.Build.0 = Release|Any CPU
		{CA6D0F14-26B6-4A4B-8ADA-D253A22330C7}.Debug|Any CPU.ActiveCfg = Debug|Any CPU
		{CA6D0F14-26B6-4A4B-8ADA-D253A22330C7}.Debug|Any CPU.Build.0 = Debug|Any CPU
		{CA6D0F14-26B6-4A4B-8ADA-D253A22330C7}.Release|Any CPU.ActiveCfg = Release|Any CPU
		{CA6D0F14-26B6-4A4B-8ADA-D253A22330C7}.Release|Any CPU.Build.0 = Release|Any CPU
	EndGlobalSection
	GlobalSection(SolutionProperties) = preSolution
		HideSolutionNode = FALSE
	EndGlobalSection
	GlobalSection(ExtensibilityGlobals) = postSolution
		SolutionGuid = {5EC9829F-EB8E-4107-A0F7-685C7690184E}
	EndGlobalSection
EndGlobal
